
Microsoft Visual Studio Solution File, Format Version 12.00
# Visual Studio Version 16
VisualStudioVersion = 16.0.29911.84
MinimumVisualStudioVersion = 10.0.40219.1
Project("{FAE04EC0-301F-11D3-BF4B-00C04F79EFBC}") = "OrderApi", "OrderApi.csproj", "{E85C269F-5AD5-4EE1-BD71-FEDF2147FEA8}"
EndProject
Project("{2150E333-8FDC-42A3-9474-1A3956D46DE8}") = "Solution Items", "Solution Items", "{EA586A1E-CE3A-406C-8F1D-5E2BF681D563}"
	ProjectSection(SolutionItems) = preProject
		Order.cs = Order.cs
		OrderContext.cs = OrderContext.cs
	EndProjectSection
EndProject
Global
	GlobalSection(SolutionConfigurationPlatforms) = preSolution
		Debug|Any CPU = Debug|Any CPU
		Release|Any CPU = Release|Any CPU
	EndGlobalSection
	GlobalSection(ProjectConfigurationPlatforms) = postSolution
		{E85C269F-5AD5-4EE1-BD71-FEDF2147FEA8}.Debug|Any CPU.ActiveCfg = Debug|Any CPU
		{E85C269F-5AD5-4EE1-BD71-FEDF2147FEA8}.Debug|Any CPU.Build.0 = Debug|Any CPU
		{E85C269F-5AD5-4EE1-BD71-FEDF2147FEA8}.Release|Any CPU.ActiveCfg = Release|Any CPU
		{E85C269F-5AD5-4EE1-BD71-FEDF2147FEA8}.Release|Any CPU.Build.0 = Release|Any CPU
	EndGlobalSection
	GlobalSection(SolutionProperties) = preSolution
		HideSolutionNode = FALSE
	EndGlobalSection
	GlobalSection(ExtensibilityGlobals) = postSolution
		SolutionGuid = {88D26D07-125A-420E-B159-565043954977}
	EndGlobalSection
EndGlobal
